PODS:
  - Flutter (1.0.0)
  - integration_test (0.0.1):
    - Flutter
  - OCMock (3.5)
  - webview_flutter_full (0.0.1):
    - Flutter

DEPENDENCIES:
  - Flutter (from `Flutter`)
  - integration_test (from `.symlinks/plugins/integration_test/ios`)
  - OCMock (= 3.5)
  - webview_flutter_full (from `.symlinks/plugins/webview_flutter_full/ios`)

SPEC REPOS:
  trunk:
    - OCMock

EXTERNAL SOURCES:
  Flutter:
    :path: Flutter
  integration_test:
    :path: ".symlinks/plugins/integration_test/ios"
  webview_flutter_full:
    :path: ".symlinks/plugins/webview_flutter_full/ios"

SPEC CHECKSUMS:
  Flutter: 434fef37c0980e73bb6479ef766c45957d4b510c
  integration_test: 6eb66a19f7104200dcfdd62bc0077e1b09686e4f
  OCMock: 4ab4577fc941af31f4a0398f6e7e230cf21fc72a
  webview_flutter_full: b9a10bae02ecda305fedf6f0953bfa332c94110e

PODFILE CHECKSUM: 690ba2888de78caf5c4213f34c3cbe94c7f7479b

COCOAPODS: 1.10.1
